
Microsoft Visual Studio Solution File, Format Version 12.00
# Visual Studio Version 17
VisualStudioVersion = 17.8.34525.116
MinimumVisualStudioVersion = 10.0.40219.1
Project("{9A19103F-16F7-4668-BE54-9A1E7A4F7556}") = "IzayoUtils", "IzayoUtils.csproj", "{97066F17-042C-45AC-A984-46D677C607F5}"
EndProject
Global
	GlobalSection(SolutionConfigurationPlatforms) = preSolution
		Debug|Any CPU = Debug|Any CPU
		Release|Any CPU = Release|Any CPU
	EndGlobalSection
	GlobalSection(ProjectConfigurationPlatforms) = postSolution
		{97066F17-042C-45AC-A984-46D677C607F5}.Debug|Any CPU.ActiveCfg = Debug|Any CPU
		{97066F17-042C-45AC-A984-46D677C607F5}.Debug|Any CPU.Build.0 = Debug|Any CPU
		{97066F17-042C-45AC-A984-46D677C607F5}.Release|Any CPU.ActiveCfg = Release|Any CPU
		{97066F17-042C-45AC-A984-46D677C607F5}.Release|Any CPU.Build.0 = Release|Any CPU
		{F989EB93-90FE-47FC-B817-6745418F88A6}.Debug|Any CPU.ActiveCfg = Debug|Any CPU
		{F989EB93-90FE-47FC-B817-6745418F88A6}.Release|Any CPU.ActiveCfg = Release|Any CPU
		{12A59F51-6655-49D7-BE95-F3E86A173979}.Debug|Any CPU.ActiveCfg = Debug|Any CPU
		{12A59F51-6655-49D7-BE95-F3E86A173979}.Debug|Any CPU.Build.0 = Debug|Any CPU
		{12A59F51-6655-49D7-BE95-F3E86A173979}.Release|Any CPU.ActiveCfg = Release|Any CPU
		{12A59F51-6655-49D7-BE95-F3E86A173979}.Release|Any CPU.Build.0 = Release|Any CPU
	EndGlobalSection
	GlobalSection(SolutionProperties) = preSolution
		HideSolutionNode = FALSE
	EndGlobalSection
	GlobalSection(ExtensibilityGlobals) = postSolution
		SolutionGuid = {BD86D22B-6CC3-4763-9295-F3E1BF8710EA}
	EndGlobalSection
EndGlobal
